
Microsoft Visual Studio Solution File, Format Version 11.00
# Visual Studio 2010
Project("{FAE04EC0-301F-11D3-BF4B-00C04F79EFBC}") = "ChipsChallenge", "ChipsChallenge\ChipsChallenge\ChipsChallenge.csproj", "{F6B2950C-B246-4080-8601-8CA607BC7C09}"
	ProjectSection(ProjectDependencies) = postProject
		{6BC6BB58-F5EA-4A18-8168-47C24DBFEB84} = {6BC6BB58-F5EA-4A18-8168-47C24DBFEB84}
	EndProjectSection
EndProject
Project("{FAE04EC0-301F-11D3-BF4B-00C04F79EFBC}") = "ChipsChallengeContent", "ChipsChallenge\ChipsChallengeContent\ChipsChallengeContent.contentproj", "{E8D9DF49-E0A2-4624-8D0B-888775114165}"
EndProject
Project("{FAE04EC0-301F-11D3-BF4B-00C04F79EFBC}") = "Engine", "Engine\Engine.csproj", "{6BC6BB58-F5EA-4A18-8168-47C24DBFEB84}"
EndProject
Project("{FAE04EC0-301F-11D3-BF4B-00C04F79EFBC}") = "LevelEditorXna", "LevelEditorXna\LevelEditorXna\LevelEditorXna.csproj", "{CC211485-6C4C-4DF0-8BDB-415DCE44A207}"
EndProject
Global
	GlobalSection(SolutionConfigurationPlatforms) = preSolution
		Debug|Any CPU = Debug|Any CPU
		Debug|x86 = Debug|x86
		Release|Any CPU = Release|Any CPU
		Release|x86 = Release|x86
	EndGlobalSection
	GlobalSection(ProjectConfigurationPlatforms) = postSolution
		{F6B2950C-B246-4080-8601-8CA607BC7C09}.Debug|Any CPU.ActiveCfg = Debug|x86
		{F6B2950C-B246-4080-8601-8CA607BC7C09}.Debug|x86.ActiveCfg = Debug|x86
		{F6B2950C-B246-4080-8601-8CA607BC7C09}.Debug|x86.Build.0 = Debug|x86
		{F6B2950C-B246-4080-8601-8CA607BC7C09}.Release|Any CPU.ActiveCfg = Release|x86
		{F6B2950C-B246-4080-8601-8CA607BC7C09}.Release|x86.ActiveCfg = Release|x86
		{F6B2950C-B246-4080-8601-8CA607BC7C09}.Release|x86.Build.0 = Release|x86
		{E8D9DF49-E0A2-4624-8D0B-888775114165}.Debug|Any CPU.ActiveCfg = Debug|x86
		{E8D9DF49-E0A2-4624-8D0B-888775114165}.Debug|x86.ActiveCfg = Debug|x86
		{E8D9DF49-E0A2-4624-8D0B-888775114165}.Release|Any CPU.ActiveCfg = Release|x86
		{E8D9DF49-E0A2-4624-8D0B-888775114165}.Release|x86.ActiveCfg = Release|x86
		{6BC6BB58-F5EA-4A18-8168-47C24DBFEB84}.Debug|Any CPU.ActiveCfg = Debug|x86
		{6BC6BB58-F5EA-4A18-8168-47C24DBFEB84}.Debug|x86.ActiveCfg = Debug|x86
		{6BC6BB58-F5EA-4A18-8168-47C24DBFEB84}.Debug|x86.Build.0 = Debug|x86
		{6BC6BB58-F5EA-4A18-8168-47C24DBFEB84}.Release|Any CPU.ActiveCfg = Release|x86
		{6BC6BB58-F5EA-4A18-8168-47C24DBFEB84}.Release|x86.ActiveCfg = Release|x86
		{6BC6BB58-F5EA-4A18-8168-47C24DBFEB84}.Release|x86.Build.0 = Release|x86
		{CC211485-6C4C-4DF0-8BDB-415DCE44A207}.Debug|Any CPU.ActiveCfg = Debug|x86
		{CC211485-6C4C-4DF0-8BDB-415DCE44A207}.Debug|x86.ActiveCfg = Debug|x86
		{CC211485-6C4C-4DF0-8BDB-415DCE44A207}.Debug|x86.Build.0 = Debug|x86
		{CC211485-6C4C-4DF0-8BDB-415DCE44A207}.Release|Any CPU.ActiveCfg = Release|x86
		{CC211485-6C4C-4DF0-8BDB-415DCE44A207}.Release|x86.ActiveCfg = Release|x86
		{CC211485-6C4C-4DF0-8BDB-415DCE44A207}.Release|x86.Build.0 = Release|x86
	EndGlobalSection
	GlobalSection(SolutionProperties) = preSolution
		HideSolutionNode = FALSE
	EndGlobalSection
EndGlobal
